
Microsoft Visual Studio Solution File, Format Version 12.00
# Visual Studio Version 17
VisualStudioVersion = 17.14.36203.30 d17.14
MinimumVisualStudioVersion = 10.0.40219.1
Project("{FAE04EC0-301F-11D3-BF4B-00C04F79EFBC}") = "Hallozeen.API", "Hallozeen.API\Hallozeen.API.csproj", "{58DB3A35-A6E1-4F45-BC51-7C0CCA36E3B0}"
EndProject
Global
	GlobalSection(SolutionConfigurationPlatforms) = preSolution
		Debug|Any CPU = Debug|Any CPU
		Release|Any CPU = Release|Any CPU
	EndGlobalSection
	GlobalSection(ProjectConfigurationPlatforms) = postSolution
		{58DB3A35-A6E1-4F45-BC51-7C0CCA36E3B0}.Debug|Any CPU.ActiveCfg = Debug|Any CPU
		{58DB3A35-A6E1-4F45-BC51-7C0CCA36E3B0}.Debug|Any CPU.Build.0 = Debug|Any CPU
		{58DB3A35-A6E1-4F45-BC51-7C0CCA36E3B0}.Release|Any CPU.ActiveCfg = Release|Any CPU
		{58DB3A35-A6E1-4F45-BC51-7C0CCA36E3B0}.Release|Any CPU.Build.0 = Release|Any CPU
	EndGlobalSection
	GlobalSection(SolutionProperties) = preSolution
		HideSolutionNode = FALSE
	EndGlobalSection
	GlobalSection(ExtensibilityGlobals) = postSolution
		SolutionGuid = {B1E47CAD-3EB5-42A6-9604-2C06EE06701D}
	EndGlobalSection
EndGlobal
